// !$*UTF8*$!
{
	archiveVersion = 1;
	classes = {
	};
	objectVersion = 51;
	objects = {

/* Begin PBXBuildFile section */
		20F7F08AF75D7DD267E4BF92 /* Pods_ExpenseApp_ExpenseAppUITests.framework in Frameworks */ = {isa = PBXBuildFile; fileRef = 59D8319D5AAD4B415C91FBC1 /* Pods_ExpenseApp_ExpenseAppUITests.framework */; };
		4206CFAB24B67B5B009D41D9 /* ExpenseListViewController.swift in Sources */ = {isa = PBXBuildFile; fileRef = 4206CFAA24B67B5B009D41D9 /* ExpenseListViewController.swift */; };
		4206CFAD24B67B8B009D41D9 /* ExpenseTableViewCell.swift in Sources */ = {isa = PBXBuildFile; fileRef = 4206CFAC24B67B8B009D41D9 /* ExpenseTableViewCell.swift */; };
		423458E62499792600B774D1 /* expense.swift in Sources */ = {isa = PBXBuildFile; fileRef = 423458E52499792600B774D1 /* expense.swift */; };
		423B9C3B24AA3D6400A4DB9E /* MonthlyGraphViewController.swift in Sources */ = {isa = PBXBuildFile; fileRef = 423B9C3A24AA3D6400A4DB9E /* MonthlyGraphViewController.swift */; };
		423ED2C924A41C280087B66F /* CoreData.xcdatamodeld in Sources */ = {isa = PBXBuildFile; fileRef = 423ED2C724A41C280087B66F /* CoreData.xcdatamodeld */; };
		42612FFD24B3DAD800315518 /* WeeklyGraphViewController.swift in Sources */ = {isa = PBXBuildFile; fileRef = 42612FFC24B3DAD800315518 /* WeeklyGraphViewController.swift */; };
		4274F91024AE956C00923940 /* Date.swift in Sources */ = {isa = PBXBuildFile; fileRef = 4274F90F24AE956C00923940 /* Date.swift */; };
		491C6441759401224B40C947 /* Pods_ExpenseAppTests.framework in Frameworks */ = {isa = PBXBuildFile; fileRef = 080CC2474563AF1167645A28 /* Pods_ExpenseAppTests.framework */; };
		66D8D7E99826BCF3BD18BB97 /* Pods_ExpenseApp.framework in Frameworks */ = {isa = PBXBuildFile; fileRef = 99FA7AA6A5D4CDB57A4675E3 /* Pods_ExpenseApp.framework */; };
		D48B274124B9295E0072090D /* CameraViewController.swift in Sources */ = {isa = PBXBuildFile; fileRef = D48B274024B9295E0072090D /* CameraViewController.swift */; };
		D4A542E224958EB8002ED6DF /* Screen Shot 2020-06-13 at 3.22.06 PM.png in Resources */ = {isa = PBXBuildFile; fileRef = D4A542E124958EB8002ED6DF /* Screen Shot 2020-06-13 at 3.22.06 PM.png */; };
		D4C4614924919CD8000600DB /* AppDelegate.swift in Sources */ = {isa = PBXBuildFile; fileRef = D4C4614824919CD8000600DB /* AppDelegate.swift */; };
		D4C4614B24919CD8000600DB /* SceneDelegate.swift in Sources */ = {isa = PBXBuildFile; fileRef = D4C4614A24919CD8000600DB /* SceneDelegate.swift */; };
		D4C4614D24919CD8000600DB /* ViewController.swift in Sources */ = {isa = PBXBuildFile; fileRef = D4C4614C24919CD8000600DB /* ViewController.swift */; };
		D4C4615024919CD8000600DB /* Main.storyboard in Resources */ = {isa = PBXBuildFile; fileRef = D4C4614E24919CD8000600DB /* Main.storyboard */; };
		D4C4615224919CDA000600DB /* Assets.xcassets in Resources */ = {isa = PBXBuildFile; fileRef = D4C4615124919CDA000600DB /* Assets.xcassets */; };
		D4C4615524919CDA000600DB /* LaunchScreen.storyboard in Resources */ = {isa = PBXBuildFile; fileRef = D4C4615324919CDA000600DB /* LaunchScreen.storyboard */; };
		D4C4616024919CDA000600DB /* ExpenseAppTests.swift in Sources */ = {isa = PBXBuildFile; fileRef = D4C4615F24919CDA000600DB /* ExpenseAppTests.swift */; };
		D4C4616B24919CDA000600DB /* ExpenseAppUITests.swift in Sources */ = {isa = PBXBuildFile; fileRef = D4C4616A24919CDA000600DB /* ExpenseAppUITests.swift */; };
		D4C4617D2494297B000600DB /* AddExpenseViewController.swift in Sources */ = {isa = PBXBuildFile; fileRef = D4C4617C2494297B000600DB /* AddExpenseViewController.swift */; };
/* End PBXBuildFile section */

/* Begin PBXContainerItemProxy section */
		D4C4615C24919CDA000600DB /* PBXContainerItemProxy */ = {
			isa = PBXContainerItemProxy;
			containerPortal = D4C4613D24919CD8000600DB /* Project object */;
			proxyType = 1;
			remoteGlobalIDString = D4C4614424919CD8000600DB;
			remoteInfo = ExpenseApp;
		};
		D4C4616724919CDA000600DB /* PBXContainerItemProxy */ = {
			isa = PBXContainerItemProxy;
			containerPortal = D4C4613D24919CD8000600DB /* Project object */;
			proxyType = 1;
			remoteGlobalIDString = D4C4614424919CD8000600DB;
			remoteInfo = ExpenseApp;
		};
/* End PBXContainerItemProxy section */

/* Begin PBXFileReference section */
		080CC2474563AF1167645A28 /* Pods_ExpenseAppTests.framework */ = {isa = PBXFileReference; explicitFileType = wrapper.framework; includeInIndex = 0; path = Pods_ExpenseAppTests.framework; sourceTree = BUILT_PRODUCTS_DIR; };
		4206CFAA24B67B5B009D41D9 /* ExpenseListViewController.swift */ = {isa = PBXFileReference; lastKnownFileType = sourcecode.swift; path = ExpenseListViewController.swift; sourceTree = "<group>"; };
		4206CFAC24B67B8B009D41D9 /* ExpenseTableViewCell.swift */ = {isa = PBXFileReference; lastKnownFileType = sourcecode.swift; path = ExpenseTableViewCell.swift; sourceTree = "<group>"; };
		423458E52499792600B774D1 /* expense.swift */ = {isa = PBXFileReference; lastKnownFileType = sourcecode.swift; path = expense.swift; sourceTree = "<group>"; };
		423B9C3A24AA3D6400A4DB9E /* MonthlyGraphViewController.swift */ = {isa = PBXFileReference; lastKnownFileType = sourcecode.swift; path = MonthlyGraphViewController.swift; sourceTree = "<group>"; };
		423ED2C824A41C280087B66F /* CoreData.xcdatamodel */ = {isa = PBXFileReference; lastKnownFileType = wrapper.xcdatamodel; path = CoreData.xcdatamodel; sourceTree = "<group>"; };
		42612FFC24B3DAD800315518 /* WeeklyGraphViewController.swift */ = {isa = PBXFileReference; lastKnownFileType = sourcecode.swift; path = WeeklyGraphViewController.swift; sourceTree = "<group>"; };
		4274F90F24AE956C00923940 /* Date.swift */ = {isa = PBXFileReference; lastKnownFileType = sourcecode.swift; path = Date.swift; sourceTree = "<group>"; };
		4E3A5CBE163EEC61769BD2B7 /* Pods-ExpenseAppTests.debug.xcconfig */ = {isa = PBXFileReference; includeInIndex = 1; lastKnownFileType = text.xcconfig; name = "Pods-ExpenseAppTests.debug.xcconfig"; path = "Target Support Files/Pods-ExpenseAppTests/Pods-ExpenseAppTests.debug.xcconfig"; sourceTree = "<group>"; };
		59D8319D5AAD4B415C91FBC1 /* Pods_ExpenseApp_ExpenseAppUITests.framework */ = {isa = PBXFileReference; explicitFileType = wrapper.framework; includeInIndex = 0; path = Pods_ExpenseApp_ExpenseAppUITests.framework; sourceTree = BUILT_PRODUCTS_DIR; };
		5E40C8FED847B9F87073FC65 /* Pods-ExpenseApp-ExpenseAppUITests.debug.xcconfig */ = {isa = PBXFileReference; includeInIndex = 1; lastKnownFileType = text.xcconfig; name = "Pods-ExpenseApp-ExpenseAppUITests.debug.xcconfig"; path = "Target Support Files/Pods-ExpenseApp-ExpenseAppUITests/Pods-ExpenseApp-ExpenseAppUITests.debug.xcconfig"; sourceTree = "<group>"; };
		7D49FA039D25255509A7A79A /* Pods-ExpenseAppTests.release.xcconfig */ = {isa = PBXFileReference; includeInIndex = 1; lastKnownFileType = text.xcconfig; name = "Pods-ExpenseAppTests.release.xcconfig"; path = "Target Support Files/Pods-ExpenseAppTests/Pods-ExpenseAppTests.release.xcconfig"; sourceTree = "<group>"; };
		8A70958DEA009784B75AA53E /* Pods-ExpenseApp-ExpenseAppUITests.release.xcconfig */ = {isa = PBXFileReference; includeInIndex = 1; lastKnownFileType = text.xcconfig; name = "Pods-ExpenseApp-ExpenseAppUITests.release.xcconfig"; path = "Target Support Files/Pods-ExpenseApp-ExpenseAppUITests/Pods-ExpenseApp-ExpenseAppUITests.release.xcconfig"; sourceTree = "<group>"; };
		935EBDF21C13873BCE7384D0 /* Pods-ExpenseApp.release.xcconfig */ = {isa = PBXFileReference; includeInIndex = 1; lastKnownFileType = text.xcconfig; name = "Pods-ExpenseApp.release.xcconfig"; path = "Target Support Files/Pods-ExpenseApp/Pods-ExpenseApp.release.xcconfig"; sourceTree = "<group>"; };
		98FDD74AEBDB317746664D7E /* Pods-ExpenseApp.debug.xcconfig */ = {isa = PBXFileReference; includeInIndex = 1; lastKnownFileType = text.xcconfig; name = "Pods-ExpenseApp.debug.xcconfig"; path = "Target Support Files/Pods-ExpenseApp/Pods-ExpenseApp.debug.xcconfig"; sourceTree = "<group>"; };
		99FA7AA6A5D4CDB57A4675E3 /* Pods_ExpenseApp.framework */ = {isa = PBXFileReference; explicitFileType = wrapper.framework; includeInIndex = 0; path = Pods_ExpenseApp.framework; sourceTree = BUILT_PRODUCTS_DIR; };
		D48B274024B9295E0072090D /* CameraViewController.swift */ = {isa = PBXFileReference; lastKnownFileType = sourcecode.swift; path = CameraViewController.swift; sourceTree = "<group>"; };
		D4A542E124958EB8002ED6DF /* Screen Shot 2020-06-13 at 3.22.06 PM.png */ = {isa = PBXFileReference; lastKnownFileType = image.png; path = "Screen Shot 2020-06-13 at 3.22.06 PM.png"; sourceTree = "<group>"; };
		D4C4614524919CD8000600DB /* ExpenseApp.app */ = {isa = PBXFileReference; explicitFileType = wrapper.application; includeInIndex = 0; path = ExpenseApp.app; sourceTree = BUILT_PRODUCTS_DIR; };
		D4C4614824919CD8000600DB /* AppDelegate.swift */ = {isa = PBXFileReference; lastKnownFileType = sourcecode.swift; path = AppDelegate.swift; sourceTree = "<group>"; };
		D4C4614A24919CD8000600DB /* SceneDelegate.swift */ = {isa = PBXFileReference; lastKnownFileType = sourcecode.swift; path = SceneDelegate.swift; sourceTree = "<group>"; };
		D4C4614C24919CD8000600DB /* ViewController.swift */ = {isa = PBXFileReference; lastKnownFileType = sourcecode.swift; path = ViewController.swift; sourceTree = "<group>"; };
		D4C4614F24919CD8000600DB /* Base */ = {isa = PBXFileReference; lastKnownFileType = file.storyboard; name = Base; path = Base.lproj/Main.storyboard; sourceTree = "<group>"; };
		D4C4615124919CDA000600DB /* Assets.xcassets */ = {isa = PBXFileReference; lastKnownFileType = folder.assetcatalog; path = Assets.xcassets; sourceTree = "<group>"; };
		D4C4615424919CDA000600DB /* Base */ = {isa = PBXFileReference; lastKnownFileType = file.storyboard; name = Base; path = Base.lproj/LaunchScreen.storyboard; sourceTree = "<group>"; };
		D4C4615624919CDA000600DB /* Info.plist */ = {isa = PBXFileReference; lastKnownFileType = text.plist.xml; path = Info.plist; sourceTree = "<group>"; };
		D4C4615B24919CDA000600DB /* ExpenseAppTests.xctest */ = {isa = PBXFileReference; explicitFileType = wrapper.cfbundle; includeInIndex = 0; path = ExpenseAppTests.xctest; sourceTree = BUILT_PRODUCTS_DIR; };
		D4C4615F24919CDA000600DB /* ExpenseAppTests.swift */ = {isa = PBXFileReference; lastKnownFileType = sourcecode.swift; path = ExpenseAppTests.swift; sourceTree = "<group>"; };
		D4C4616124919CDA000600DB /* Info.plist */ = {isa = PBXFileReference; lastKnownFileType = text.plist.xml; path = Info.plist; sourceTree = "<group>"; };
		D4C4616624919CDA000600DB /* ExpenseAppUITests.xctest */ = {isa = PBXFileReference; explicitFileType = wrapper.cfbundle; includeInIndex = 0; path = ExpenseAppUITests.xctest; sourceTree = BUILT_PRODUCTS_DIR; };
		D4C4616A24919CDA000600DB /* ExpenseAppUITests.swift */ = {isa = PBXFileReference; lastKnownFileType = sourcecode.swift; path = ExpenseAppUITests.swift; sourceTree = "<group>"; };
		D4C4616C24919CDA000600DB /* Info.plist */ = {isa = PBXFileReference; lastKnownFileType = text.plist.xml; path = Info.plist; sourceTree = "<group>"; };
		D4C4617C2494297B000600DB /* AddExpenseViewController.swift */ = {isa = PBXFileReference; lastKnownFileType = sourcecode.swift; path = AddExpenseViewController.swift; sourceTree = "<group>"; };
/* End PBXFileReference section */

/* Begin PBXFrameworksBuildPhase section */
		D4C4614224919CD8000600DB /* Frameworks */ = {
			isa = PBXFrameworksBuildPhase;
			buildActionMask = 2147483647;
			files = (
				66D8D7E99826BCF3BD18BB97 /* Pods_ExpenseApp.framework in Frameworks */,
			);
			runOnlyForDeploymentPostprocessing = 0;
		};
		D4C4615824919CDA000600DB /* Frameworks */ = {
			isa = PBXFrameworksBuildPhase;
			buildActionMask = 2147483647;
			files = (
				491C6441759401224B40C947 /* Pods_ExpenseAppTests.framework in Frameworks */,
			);
			runOnlyForDeploymentPostprocessing = 0;
		};
		D4C4616324919CDA000600DB /* Frameworks */ = {
			isa = PBXFrameworksBuildPhase;
			buildActionMask = 2147483647;
			files = (
				20F7F08AF75D7DD267E4BF92 /* Pods_ExpenseApp_ExpenseAppUITests.framework in Frameworks */,
			);
			runOnlyForDeploymentPostprocessing = 0;
		};
/* End PBXFrameworksBuildPhase section */

/* Begin PBXGroup section */
		5DE340F8A0C5361B809CF608 /* Pods */ = {
			isa = PBXGroup;
			children = (
				98FDD74AEBDB317746664D7E /* Pods-ExpenseApp.debug.xcconfig */,
				935EBDF21C13873BCE7384D0 /* Pods-ExpenseApp.release.xcconfig */,
				5E40C8FED847B9F87073FC65 /* Pods-ExpenseApp-ExpenseAppUITests.debug.xcconfig */,
				8A70958DEA009784B75AA53E /* Pods-ExpenseApp-ExpenseAppUITests.release.xcconfig */,
				4E3A5CBE163EEC61769BD2B7 /* Pods-ExpenseAppTests.debug.xcconfig */,
				7D49FA039D25255509A7A79A /* Pods-ExpenseAppTests.release.xcconfig */,
			);
			path = Pods;
			sourceTree = "<group>";
		};
		A43FEFD6820EAF3675195C05 /* Frameworks */ = {
			isa = PBXGroup;
			children = (
				99FA7AA6A5D4CDB57A4675E3 /* Pods_ExpenseApp.framework */,
				59D8319D5AAD4B415C91FBC1 /* Pods_ExpenseApp_ExpenseAppUITests.framework */,
				080CC2474563AF1167645A28 /* Pods_ExpenseAppTests.framework */,
			);
			name = Frameworks;
			sourceTree = "<group>";
		};
		D4C4613C24919CD8000600DB = {
			isa = PBXGroup;
			children = (
				D4C4614724919CD8000600DB /* ExpenseApp */,
				D4C4615E24919CDA000600DB /* ExpenseAppTests */,
				D4C4616924919CDA000600DB /* ExpenseAppUITests */,
				D4C4614624919CD8000600DB /* Products */,
				5DE340F8A0C5361B809CF608 /* Pods */,
				A43FEFD6820EAF3675195C05 /* Frameworks */,
			);
			sourceTree = "<group>";
		};
		D4C4614624919CD8000600DB /* Products */ = {
			isa = PBXGroup;
			children = (
				D4C4614524919CD8000600DB /* ExpenseApp.app */,
				D4C4615B24919CDA000600DB /* ExpenseAppTests.xctest */,
				D4C4616624919CDA000600DB /* ExpenseAppUITests.xctest */,
			);
			name = Products;
			sourceTree = "<group>";
		};
		D4C4614724919CD8000600DB /* ExpenseApp */ = {
			isa = PBXGroup;
			children = (
				D4C4614824919CD8000600DB /* AppDelegate.swift */,
				D4C4614A24919CD8000600DB /* SceneDelegate.swift */,
				D4C4614C24919CD8000600DB /* ViewController.swift */,
				4206CFAC24B67B8B009D41D9 /* ExpenseTableViewCell.swift */,
				D4C4614E24919CD8000600DB /* Main.storyboard */,
				D4A542E124958EB8002ED6DF /* Screen Shot 2020-06-13 at 3.22.06 PM.png */,
				D4C4615124919CDA000600DB /* Assets.xcassets */,
				D4C4615324919CDA000600DB /* LaunchScreen.storyboard */,
				D4C4615624919CDA000600DB /* Info.plist */,
				D4C4617C2494297B000600DB /* AddExpenseViewController.swift */,
				423458E52499792600B774D1 /* expense.swift */,
				423ED2C724A41C280087B66F /* CoreData.xcdatamodeld */,
				423B9C3A24AA3D6400A4DB9E /* MonthlyGraphViewController.swift */,
				4274F90F24AE956C00923940 /* Date.swift */,
				42612FFC24B3DAD800315518 /* WeeklyGraphViewController.swift */,
				4206CFAA24B67B5B009D41D9 /* ExpenseListViewController.swift */,
				D48B274024B9295E0072090D /* CameraViewController.swift */,
			);
			path = ExpenseApp;
			sourceTree = "<group>";
		};
		D4C4615E24919CDA000600DB /* ExpenseAppTests */ = {
			isa = PBXGroup;
			children = (
				D4C4615F24919CDA000600DB /* ExpenseAppTests.swift */,
				D4C4616124919CDA000600DB /* Info.plist */,
			);
			path = ExpenseAppTests;
			sourceTree = "<group>";
		};
		D4C4616924919CDA000600DB /* ExpenseAppUITests */ = {
			isa = PBXGroup;
			children = (
				D4C4616A24919CDA000600DB /* ExpenseAppUITests.swift */,
				D4C4616C24919CDA000600DB /* Info.plist */,
			);
			path = ExpenseAppUITests;
			sourceTree = "<group>";
		};
/* End PBXGroup section */

/* Begin PBXNativeTarget section */
		D4C4614424919CD8000600DB /* ExpenseApp */ = {
			isa = PBXNativeTarget;
			buildConfigurationList = D4C4616F24919CDA000600DB /* Build configuration list for PBXNativeTarget "ExpenseApp" */;
			buildPhases = (
				6365C715BEA247598821E0D3 /* [CP] Check Pods Manifest.lock */,
				D4C4614124919CD8000600DB /* Sources */,
				D4C4614224919CD8000600DB /* Frameworks */,
				D4C4614324919CD8000600DB /* Resources */,
				D4F1D16A6146E0D073E64FB7 /* [CP] Embed Pods Frameworks */,
			);
			buildRules = (
			);
			dependencies = (
			);
			name = ExpenseApp;
			productName = ExpenseApp;
			productReference = D4C4614524919CD8000600DB /* ExpenseApp.app */;
			productType = "com.apple.product-type.application";
		};
		D4C4615A24919CDA000600DB /* ExpenseAppTests */ = {
			isa = PBXNativeTarget;
			buildConfigurationList = D4C4617224919CDA000600DB /* Build configuration list for PBXNativeTarget "ExpenseAppTests" */;
			buildPhases = (
				7755CADB2A63D4FB88F2125C /* [CP] Check Pods Manifest.lock */,
				D4C4615724919CDA000600DB /* Sources */,
				D4C4615824919CDA000600DB /* Frameworks */,
				D4C4615924919CDA000600DB /* Resources */,
			);
			buildRules = (
			);
			dependencies = (
				D4C4615D24919CDA000600DB /* PBXTargetDependency */,
			);
			name = ExpenseAppTests;
			productName = ExpenseAppTests;
			productReference = D4C4615B24919CDA000600DB /* ExpenseAppTests.xctest */;
			productType = "com.apple.product-type.bundle.unit-test";
		};
		D4C4616524919CDA000600DB /* ExpenseAppUITests */ = {
			isa = PBXNativeTarget;
			buildConfigurationList = D4C4617524919CDA000600DB /* Build configuration list for PBXNativeTarget "ExpenseAppUITests" */;
			buildPhases = (
				242E72262242EF5AFF47CDB9 /* [CP] Check Pods Manifest.lock */,
				D4C4616224919CDA000600DB /* Sources */,
				D4C4616324919CDA000600DB /* Frameworks */,
				D4C4616424919CDA000600DB /* Resources */,
				3BFBE1DE122F02A5ECD136F3 /* [CP] Embed Pods Frameworks */,
			);
			buildRules = (
			);
			dependencies = (
				D4C4616824919CDA000600DB /* PBXTargetDependency */,
			);
			name = ExpenseAppUITests;
			productName = ExpenseAppUITests;
			productReference = D4C4616624919CDA000600DB /* ExpenseAppUITests.xctest */;
			productType = "com.apple.product-type.bundle.ui-testing";
		};
/* End PBXNativeTarget section */

/* Begin PBXProject section */
		D4C4613D24919CD8000600DB /* Project object */ = {
			isa = PBXProject;
			attributes = {
				LastSwiftUpdateCheck = 1150;
				LastUpgradeCheck = 1150;
				ORGANIZATIONNAME = "Ansh Bhalla";
				TargetAttributes = {
					D4C4614424919CD8000600DB = {
						CreatedOnToolsVersion = 11.5;
					};
					D4C4615A24919CDA000600DB = {
						CreatedOnToolsVersion = 11.5;
						TestTargetID = D4C4614424919CD8000600DB;
					};
					D4C4616524919CDA000600DB = {
						CreatedOnToolsVersion = 11.5;
						TestTargetID = D4C4614424919CD8000600DB;
					};
				};
			};
			buildConfigurationList = D4C4614024919CD8000600DB /* Build configuration list for PBXProject "ExpenseApp" */;
			compatibilityVersion = "Xcode 9.3";
			developmentRegion = en;
			hasScannedForEncodings = 0;
			knownRegions = (
				en,
				Base,
			);
			mainGroup = D4C4613C24919CD8000600DB;
			productRefGroup = D4C4614624919CD8000600DB /* Products */;
			projectDirPath = "";
			projectRoot = "";
			targets = (
				D4C4614424919CD8000600DB /* ExpenseApp */,
				D4C4615A24919CDA000600DB /* ExpenseAppTests */,
				D4C4616524919CDA000600DB /* ExpenseAppUITests */,
			);
		};
/* End PBXProject section */

/* Begin PBXResourcesBuildPhase section */
		D4C4614324919CD8000600DB /* Resources */ = {
			isa = PBXResourcesBuildPhase;
			buildActionMask = 2147483647;
			files = (
				D4A542E224958EB8002ED6DF /* Screen Shot 2020-06-13 at 3.22.06 PM.png in Resources */,
				D4C4615524919CDA000600DB /* LaunchScreen.storyboard in Resources */,
				D4C4615224919CDA000600DB /* Assets.xcassets in Resources */,
				D4C4615024919CD8000600DB /* Main.storyboard in Resources */,
			);
			runOnlyForDeploymentPostprocessing = 0;
		};
		D4C4615924919CDA000600DB /* Resources */ = {
			isa = PBXResourcesBuildPhase;
			buildActionMask = 2147483647;
			files = (
			);
			runOnlyForDeploymentPostprocessing = 0;
		};
		D4C4616424919CDA000600DB /* Resources */ = {
			isa = PBXResourcesBuildPhase;
			buildActionMask = 2147483647;
			files = (
			);
			runOnlyForDeploymentPostprocessing = 0;
		};
/* End PBXResourcesBuildPhase section */

/* Begin PBXShellScriptBuildPhase section */
		242E72262242EF5AFF47CDB9 /* [CP] Check Pods Manifest.lock */ = {
			isa = PBXShellScriptBuildPhase;
			buildActionMask = 2147483647;
			files = (
			);
			inputFileListPaths = (
			);
			inputPaths = (
				"${PODS_PODFILE_DIR_PATH}/Podfile.lock",
				"${PODS_ROOT}/Manifest.lock",
			);
			name = "[CP] Check Pods Manifest.lock";
			outputFileListPaths = (
			);
			outputPaths = (
				"$(DERIVED_FILE_DIR)/Pods-ExpenseApp-ExpenseAppUITests-checkManifestLockResult.txt",
			);
			runOnlyForDeploymentPostprocessing = 0;
			shellPath = /bin/sh;
			shellScript = "diff \"${PODS_PODFILE_DIR_PATH}/Podfile.lock\" \"${PODS_ROOT}/Manifest.lock\" > /dev/null\nif [ $? != 0 ] ; then\n    # print error to STDERR\n    echo \"error: The sandbox is not in sync with the Podfile.lock. Run 'pod install' or update your CocoaPods installation.\" >&2\n    exit 1\nfi\n# This output is used by Xcode 'outputs' to avoid re-running this script phase.\necho \"SUCCESS\" > \"${SCRIPT_OUTPUT_FILE_0}\"\n";
			showEnvVarsInLog = 0;
		};
		3BFBE1DE122F02A5ECD136F3 /* [CP] Embed Pods Frameworks */ = {
			isa = PBXShellScriptBuildPhase;
			buildActionMask = 2147483647;
			files = (
			);
			inputFileListPaths = (
				"${PODS_ROOT}/Target Support Files/Pods-ExpenseApp-ExpenseAppUITests/Pods-ExpenseApp-ExpenseAppUITests-frameworks-${CONFIGURATION}-input-files.xcfilelist",
			);
			name = "[CP] Embed Pods Frameworks";
			outputFileListPaths = (
				"${PODS_ROOT}/Target Support Files/Pods-ExpenseApp-ExpenseAppUITests/Pods-ExpenseApp-ExpenseAppUITests-frameworks-${CONFIGURATION}-output-files.xcfilelist",
			);
			runOnlyForDeploymentPostprocessing = 0;
			shellPath = /bin/sh;
			shellScript = "\"${PODS_ROOT}/Target Support Files/Pods-ExpenseApp-ExpenseAppUITests/Pods-ExpenseApp-ExpenseAppUITests-frameworks.sh\"\n";
			showEnvVarsInLog = 0;
		};
		6365C715BEA247598821E0D3 /* [CP] Check Pods Manifest.lock */ = {
			isa = PBXShellScriptBuildPhase;
			buildActionMask = 2147483647;
			files = (
			);
			inputFileListPaths = (
			);
			inputPaths = (
				"${PODS_PODFILE_DIR_PATH}/Podfile.lock",
				"${PODS_ROOT}/Manifest.lock",
			);
			name = "[CP] Check Pods Manifest.lock";
			outputFileListPaths = (
			);
			outputPaths = (
				"$(DERIVED_FILE_DIR)/Pods-ExpenseApp-checkManifestLockResult.txt",
			);
			runOnlyForDeploymentPostprocessing = 0;
			shellPath = /bin/sh;
			shellScript = "diff \"${PODS_PODFILE_DIR_PATH}/Podfile.lock\" \"${PODS_ROOT}/Manifest.lock\" > /dev/null\nif [ $? != 0 ] ; then\n    # print error to STDERR\n    echo \"error: The sandbox is not in sync with the Podfile.lock. Run 'pod install' or update your CocoaPods installation.\" >&2\n    exit 1\nfi\n# This output is used by Xcode 'outputs' to avoid re-running this script phase.\necho \"SUCCESS\" > \"${SCRIPT_OUTPUT_FILE_0}\"\n";
			showEnvVarsInLog = 0;
		};
		7755CADB2A63D4FB88F2125C /* [CP] Check Pods Manifest.lock */ = {
			isa = PBXShellScriptBuildPhase;
			buildActionMask = 2147483647;
			files = (
			);
			inputFileListPaths = (
			);
			inputPaths = (
				"${PODS_PODFILE_DIR_PATH}/Podfile.lock",
				"${PODS_ROOT}/Manifest.lock",
			);
			name = "[CP] Check Pods Manifest.lock";
			outputFileListPaths = (
			);
			outputPaths = (
				"$(DERIVED_FILE_DIR)/Pods-ExpenseAppTests-checkManifestLockResult.txt",
			);
			runOnlyForDeploymentPostprocessing = 0;
			shellPath = /bin/sh;
			shellScript = "diff \"${PODS_PODFILE_DIR_PATH}/Podfile.lock\" \"${PODS_ROOT}/Manifest.lock\" > /dev/null\nif [ $? != 0 ] ; then\n    # print error to STDERR\n    echo \"error: The sandbox is not in sync with the Podfile.lock. Run 'pod install' or update your CocoaPods installation.\" >&2\n    exit 1\nfi\n# This output is used by Xcode 'outputs' to avoid re-running this script phase.\necho \"SUCCESS\" > \"${SCRIPT_OUTPUT_FILE_0}\"\n";
			showEnvVarsInLog = 0;
		};
		D4F1D16A6146E0D073E64FB7 /* [CP] Embed Pods Frameworks */ = {
			isa = PBXShellScriptBuildPhase;
			buildActionMask = 2147483647;
			files = (
			);
			inputFileListPaths = (
				"${PODS_ROOT}/Target Support Files/Pods-ExpenseApp/Pods-ExpenseApp-frameworks-${CONFIGURATION}-input-files.xcfilelist",
			);
			name = "[CP] Embed Pods Frameworks";
			outputFileListPaths = (
				"${PODS_ROOT}/Target Support Files/Pods-ExpenseApp/Pods-ExpenseApp-frameworks-${CONFIGURATION}-output-files.xcfilelist",
			);
			runOnlyForDeploymentPostprocessing = 0;
			shellPath = /bin/sh;
			shellScript = "\"${PODS_ROOT}/Target Support Files/Pods-ExpenseApp/Pods-ExpenseApp-frameworks.sh\"\n";
			showEnvVarsInLog = 0;
		};
/* End PBXShellScriptBuildPhase section */

/* Begin PBXSourcesBuildPhase section */
		D4C4614124919CD8000600DB /* Sources */ = {
			isa = PBXSourcesBuildPhase;
			buildActionMask = 2147483647;
			files = (
				423458E62499792600B774D1 /* expense.swift in Sources */,
				D4C4614D24919CD8000600DB /* ViewController.swift in Sources */,
				423B9C3B24AA3D6400A4DB9E /* MonthlyGraphViewController.swift in Sources */,
				4274F91024AE956C00923940 /* Date.swift in Sources */,
				423ED2C924A41C280087B66F /* CoreData.xcdatamodeld in Sources */,
				D48B274124B9295E0072090D /* CameraViewController.swift in Sources */,
				D4C4617D2494297B000600DB /* AddExpenseViewController.swift in Sources */,
				D4C4614924919CD8000600DB /* AppDelegate.swift in Sources */,
				4206CFAB24B67B5B009D41D9 /* ExpenseListViewController.swift in Sources */,
				4206CFAD24B67B8B009D41D9 /* ExpenseTableViewCell.swift in Sources */,
				D4C4614B24919CD8000600DB /* SceneDelegate.swift in Sources */,
				42612FFD24B3DAD800315518 /* WeeklyGraphViewController.swift in Sources */,
			);
			runOnlyForDeploymentPostprocessing = 0;
		};
		D4C4615724919CDA000600DB /* Sources */ = {
			isa = PBXSourcesBuildPhase;
			buildActionMask = 2147483647;
			files = (
				D4C4616024919CDA000600DB /* ExpenseAppTests.swift in Sources */,
			);
			runOnlyForDeploymentPostprocessing = 0;
		};
		D4C4616224919CDA000600DB /* Sources */ = {
			isa = PBXSourcesBuildPhase;
			buildActionMask = 2147483647;
			files = (
				D4C4616B24919CDA000600DB /* ExpenseAppUITests.swift in Sources */,
			);
			runOnlyForDeploymentPostprocessing = 0;
		};
/* End PBXSourcesBuildPhase section */

/* Begin PBXTargetDependency section */
		D4C4615D24919CDA000600DB /* PBXTargetDependency */ = {
			isa = PBXTargetDependency;
			target = D4C4614424919CD8000600DB /* ExpenseApp */;
			targetProxy = D4C4615C24919CDA000600DB /* PBXContainerItemProxy */;
		};
		D4C4616824919CDA000600DB /* PBXTargetDependency */ = {
			isa = PBXTargetDependency;
			target = D4C4614424919CD8000600DB /* ExpenseApp */;
			targetProxy = D4C4616724919CDA000600DB /* PBXContainerItemProxy */;
		};
/* End PBXTargetDependency section */

/* Begin PBXVariantGroup section */
		D4C4614E24919CD8000600DB /* Main.storyboard */ = {
			isa = PBXVariantGroup;
			children = (
				D4C4614F24919CD8000600DB /* Base */,
			);
			name = Main.storyboard;
			sourceTree = "<group>";
		};
		D4C4615324919CDA000600DB /* LaunchScreen.storyboard */ = {
			isa = PBXVariantGroup;
			children = (
				D4C4615424919CDA000600DB /* Base */,
			);
			name = LaunchScreen.storyboard;
			sourceTree = "<group>";
		};
/* End PBXVariantGroup section */

/* Begin XCBuildConfiguration section */
		D4C4616D24919CDA000600DB /* Debug */ = {
			isa = XCBuildConfiguration;
			buildSettings = {
				ALWAYS_SEARCH_USER_PATHS = NO;
				CLANG_ANALYZER_NONNULL = YES;
				CLANG_ANALYZER_NUMBER_OBJECT_CONVERSION = YES_AGGRESSIVE;
				CLANG_CXX_LANGUAGE_STANDARD = "gnu++14";
				CLANG_CXX_LIBRARY = "libc++";
				CLANG_ENABLE_MODULES = YES;
				CLANG_ENABLE_OBJC_ARC = YES;
				CLANG_ENABLE_OBJC_WEAK = YES;
				CLANG_WARN_BLOCK_CAPTURE_AUTORELEASING = YES;
				CLANG_WARN_BOOL_CONVERSION = YES;
				CLANG_WARN_COMMA = YES;
				CLANG_WARN_CONSTANT_CONVERSION = YES;
				CLANG_WARN_DEPRECATED_OBJC_IMPLEMENTATIONS = YES;
				CLANG_WARN_DIRECT_OBJC_ISA_USAGE = YES_ERROR;
				CLANG_WARN_DOCUMENTATION_COMMENTS = YES;
				CLANG_WARN_EMPTY_BODY = YES;
				CLANG_WARN_ENUM_CONVERSION = YES;
				CLANG_WARN_INFINITE_RECURSION = YES;
				CLANG_WARN_INT_CONVERSION = YES;
				CLANG_WARN_NON_LITERAL_NULL_CONVERSION = YES;
				CLANG_WARN_OBJC_IMPLICIT_RETAIN_SELF = YES;
				CLANG_WARN_OBJC_LITERAL_CONVERSION = YES;
				CLANG_WARN_OBJC_ROOT_CLASS = YES_ERROR;
				CLANG_WARN_RANGE_LOOP_ANALYSIS = YES;
				CLANG_WARN_STRICT_PROTOTYPES = YES;
				CLANG_WARN_SUSPICIOUS_MOVE = YES;
				CLANG_WARN_UNGUARDED_AVAILABILITY = YES_AGGRESSIVE;
				CLANG_WARN_UNREACHABLE_CODE = YES;
				CLANG_WARN__DUPLICATE_METHOD_MATCH = YES;
				COPY_PHASE_STRIP = NO;
				DEBUG_INFORMATION_FORMAT = dwarf;
				ENABLE_STRICT_OBJC_MSGSEND = YES;
				ENABLE_TESTABILITY = YES;
				GCC_C_LANGUAGE_STANDARD = gnu11;
				GCC_DYNAMIC_NO_PIC = NO;
				GCC_NO_COMMON_BLOCKS = YES;
				GCC_OPTIMIZATION_LEVEL = 0;
				GCC_PREPROCESSOR_DEFINITIONS = (
					"DEBUG=1",
					"$(inherited)",
				);
				GCC_WARN_64_TO_32_BIT_CONVERSION = YES;
				GCC_WARN_ABOUT_RETURN_TYPE = YES_ERROR;
				GCC_WARN_UNDECLARED_SELECTOR = YES;
				GCC_WARN_UNINITIALIZED_AUTOS = YES_AGGRESSIVE;
				GCC_WARN_UNUSED_FUNCTION = YES;
				GCC_WARN_UNUSED_VARIABLE = YES;
				IPHONEOS_DEPLOYMENT_TARGET = 13.5;
				MTL_ENABLE_DEBUG_INFO = INCLUDE_SOURCE;
				MTL_FAST_MATH = YES;
				ONLY_ACTIVE_ARCH = YES;
				SDKROOT = iphoneos;
				SWIFT_ACTIVE_COMPILATION_CONDITIONS = DEBUG;
				SWIFT_OPTIMIZATION_LEVEL = "-Onone";
			};
			name = Debug;
		};
		D4C4616E24919CDA000600DB /* Release */ = {
			isa = XCBuildConfiguration;
			buildSettings = {
				ALWAYS_SEARCH_USER_PATHS = NO;
				CLANG_ANALYZER_NONNULL = YES;
				CLANG_ANALYZER_NUMBER_OBJECT_CONVERSION = YES_AGGRESSIVE;
				CLANG_CXX_LANGUAGE_STANDARD = "gnu++14";
				CLANG_CXX_LIBRARY = "libc++";
				CLANG_ENABLE_MODULES = YES;
				CLANG_ENABLE_OBJC_ARC = YES;
				CLANG_ENABLE_OBJC_WEAK = YES;
				CLANG_WARN_BLOCK_CAPTURE_AUTORELEASING = YES;
				CLANG_WARN_BOOL_CONVERSION = YES;
				CLANG_WARN_COMMA = YES;
				CLANG_WARN_CONSTANT_CONVERSION = YES;
				CLANG_WARN_DEPRECATED_OBJC_IMPLEMENTATIONS = YES;
				CLANG_WARN_DIRECT_OBJC_ISA_USAGE = YES_ERROR;
				CLANG_WARN_DOCUMENTATION_COMMENTS = YES;
				CLANG_WARN_EMPTY_BODY = YES;
				CLANG_WARN_ENUM_CONVERSION = YES;
				CLANG_WARN_INFINITE_RECURSION = YES;
				CLANG_WARN_INT_CONVERSION = YES;
				CLANG_WARN_NON_LITERAL_NULL_CONVERSION = YES;
				CLANG_WARN_OBJC_IMPLICIT_RETAIN_SELF = YES;
				CLANG_WARN_OBJC_LITERAL_CONVERSION = YES;
				CLANG_WARN_OBJC_ROOT_CLASS = YES_ERROR;
				CLANG_WARN_RANGE_LOOP_ANALYSIS = YES;
				CLANG_WARN_STRICT_PROTOTYPES = YES;
				CLANG_WARN_SUSPICIOUS_MOVE = YES;
				CLANG_WARN_UNGUARDED_AVAILABILITY = YES_AGGRESSIVE;
				CLANG_WARN_UNREACHABLE_CODE = YES;
				CLANG_WARN__DUPLICATE_METHOD_MATCH = YES;
				COPY_PHASE_STRIP = NO;
				DEBUG_INFORMATION_FORMAT = "dwarf-with-dsym";
				ENABLE_NS_ASSERTIONS = NO;
				ENABLE_STRICT_OBJC_MSGSEND = YES;
				GCC_C_LANGUAGE_STANDARD = gnu11;
				GCC_NO_COMMON_BLOCKS = YES;
				GCC_WARN_64_TO_32_BIT_CONVERSION = YES;
				GCC_WARN_ABOUT_RETURN_TYPE = YES_ERROR;
				GCC_WARN_UNDECLARED_SELECTOR = YES;
				GCC_WARN_UNINITIALIZED_AUTOS = YES_AGGRESSIVE;
				GCC_WARN_UNUSED_FUNCTION = YES;
				GCC_WARN_UNUSED_VARIABLE = YES;
				IPHONEOS_DEPLOYMENT_TARGET = 13.5;
				MTL_ENABLE_DEBUG_INFO = NO;
				MTL_FAST_MATH = YES;
				SDKROOT = iphoneos;
				SWIFT_COMPILATION_MODE = wholemodule;
				SWIFT_OPTIMIZATION_LEVEL = "-O";
				VALIDATE_PRODUCT = YES;
			};
			name = Release;
		};
		D4C4617024919CDA000600DB /* Debug */ = {
			isa = XCBuildConfiguration;
			baseConfigurationReference = 98FDD74AEBDB317746664D7E /* Pods-ExpenseApp.debug.xcconfig */;
			buildSettings = {
				ASSETCATALOG_COMPILER_APPICON_NAME = AppIcon;
				CODE_SIGN_STYLE = Automatic;
				DEVELOPMENT_TEAM = 7RMT3R5P3M;
				INFOPLIST_FILE = ExpenseApp/Info.plist;
				LD_RUNPATH_SEARCH_PATHS = (
					"$(inherited)",
					"@executable_path/Frameworks",
				);
				PRODUCT_BUNDLE_IDENTIFIER = AnshBhallai.ExpenseApp;
				PRODUCT_NAME = "$(TARGET_NAME)";
				SWIFT_VERSION = 5.0;
				TARGETED_DEVICE_FAMILY = "1,2";
			};
			name = Debug;
		};
		D4C4617124919CDA000600DB /* Release */ = {
			isa = XCBuildConfiguration;
			baseConfigurationReference = 935EBDF21C13873BCE7384D0 /* Pods-ExpenseApp.release.xcconfig */;
			buildSettings = {
				ASSETCATALOG_COMPILER_APPICON_NAME = AppIcon;
				CODE_SIGN_STYLE = Manual;
				DEVELOPMENT_TEAM = "";
				INFOPLIST_FILE = ExpenseApp/Info.plist;
				LD_RUNPATH_SEARCH_PATHS = (
					"$(inherited)",
					"@executable_path/Frameworks",
				);
				PRODUCT_BUNDLE_IDENTIFIER = AnshBhalla.ExpenseApp;
				PRODUCT_NAME = "$(TARGET_NAME)";
				PROVISIONING_PROFILE_SPECIFIER = "";
				SWIFT_VERSION = 5.0;
				TARGETED_DEVICE_FAMILY = "1,2";
			};
			name = Release;
		};
		D4C4617324919CDA000600DB /* Debug */ = {
			isa = XCBuildConfiguration;
			baseConfigurationReference = 4E3A5CBE163EEC61769BD2B7 /* Pods-ExpenseAppTests.debug.xcconfig */;
			buildSettings = {
				ALWAYS_EMBED_SWIFT_STANDARD_LIBRARIES = YES;
				BUNDLE_LOADER = "$(TEST_HOST)";
				CODE_SIGN_STYLE = Automatic;
				INFOPLIST_FILE = ExpenseAppTests/Info.plist;
				IPHONEOS_DEPLOYMENT_TARGET = 13.5;
				LD_RUNPATH_SEARCH_PATHS = (
					"$(inherited)",
					"@executable_path/Frameworks",
					"@loader_path/Frameworks",
				);
				PRODUCT_BUNDLE_IDENTIFIER = AnshBhalla.ExpenseAppTests;
				PRODUCT_NAME = "$(TARGET_NAME)";
				SWIFT_VERSION = 5.0;
				TARGETED_DEVICE_FAMILY = "1,2";
				TEST_HOST = "$(BUILT_PRODUCTS_DIR)/ExpenseApp.app/ExpenseApp";
			};
			name = Debug;
		};
		D4C4617424919CDA000600DB /* Release */ = {
			isa = XCBuildConfiguration;
			baseConfigurationReference = 7D49FA039D25255509A7A79A /* Pods-ExpenseAppTests.release.xcconfig */;
			buildSettings = {
				ALWAYS_EMBED_SWIFT_STANDARD_LIBRARIES = YES;
				BUNDLE_LOADER = "$(TEST_HOST)";
				CODE_SIGN_STYLE = Automatic;
				INFOPLIST_FILE = ExpenseAppTests/Info.plist;
				IPHONEOS_DEPLOYMENT_TARGET = 13.5;
				LD_RUNPATH_SEARCH_PATHS = (
					"$(inherited)",
					"@executable_path/Frameworks",
					"@loader_path/Frameworks",
				);
				PRODUCT_BUNDLE_IDENTIFIER = AnshBhalla.ExpenseAppTests;
				PRODUCT_NAME = "$(TARGET_NAME)";
				SWIFT_VERSION = 5.0;
				TARGETED_DEVICE_FAMILY = "1,2";
				TEST_HOST = "$(BUILT_PRODUCTS_DIR)/ExpenseApp.app/ExpenseApp";
			};
			name = Release;
		};
		D4C4617624919CDA000600DB /* Debug */ = {
			isa = XCBuildConfiguration;
			baseConfigurationReference = 5E40C8FED847B9F87073FC65 /* Pods-ExpenseApp-ExpenseAppUITests.debug.xcconfig */;
			buildSettings = {
				ALWAYS_EMBED_SWIFT_STANDARD_LIBRARIES = YES;
				CODE_SIGN_STYLE = Automatic;
				INFOPLIST_FILE = ExpenseAppUITests/Info.plist;
				LD_RUNPATH_SEARCH_PATHS = (
					"$(inherited)",
					"@executable_path/Frameworks",
					"@loader_path/Frameworks",
				);
				PRODUCT_BUNDLE_IDENTIFIER = AnshBhalla.ExpenseAppUITests;
				PRODUCT_NAME = "$(TARGET_NAME)";
				SWIFT_VERSION = 5.0;
				TARGETED_DEVICE_FAMILY = "1,2";
				TEST_TARGET_NAME = ExpenseApp;
			};
			name = Debug;
		};
		D4C4617724919CDA000600DB /* Release */ = {
			isa = XCBuildConfiguration;
			baseConfigurationReference = 8A70958DEA009784B75AA53E /* Pods-ExpenseApp-ExpenseAppUITests.release.xcconfig */;
			buildSettings = {
				ALWAYS_EMBED_SWIFT_STANDARD_LIBRARIES = YES;
				CODE_SIGN_STYLE = Automatic;
				INFOPLIST_FILE = ExpenseAppUITests/Info.plist;
				LD_RUNPATH_SEARCH_PATHS = (
					"$(inherited)",
					"@executable_path/Frameworks",
					"@loader_path/Frameworks",
				);
				PRODUCT_BUNDLE_IDENTIFIER = AnshBhalla.ExpenseAppUITests;
				PRODUCT_NAME = "$(TARGET_NAME)";
				SWIFT_VERSION = 5.0;
				TARGETED_DEVICE_FAMILY = "1,2";
				TEST_TARGET_NAME = ExpenseApp;
			};
			name = Release;
		};
/* End XCBuildConfiguration section */

/* Begin XCConfigurationList section */
		D4C4614024919CD8000600DB /* Build configuration list for PBXProject "ExpenseApp" */ = {
			isa = XCConfigurationList;
			buildConfigurations = (
				D4C4616D24919CDA000600DB /* Debug */,
				D4C4616E24919CDA000600DB /* Release */,
			);
			defaultConfigurationIsVisible = 0;
			defaultConfigurationName = Release;
		};
		D4C4616F24919CDA000600DB /* Build configuration list for PBXNativeTarget "ExpenseApp" */ = {
			isa = XCConfigurationList;
			buildConfigurations = (
				D4C4617024919CDA000600DB /* Debug */,
				D4C4617124919CDA000600DB /* Release */,
			);
			defaultConfigurationIsVisible = 0;
			defaultConfigurationName = Release;
		};
		D4C4617224919CDA000600DB /* Build configuration list for PBXNativeTarget "ExpenseAppTests" */ = {
			isa = XCConfigurationList;
			buildConfigurations = (
				D4C4617324919CDA000600DB /* Debug */,
				D4C4617424919CDA000600DB /* Release */,
			);
			defaultConfigurationIsVisible = 0;
			defaultConfigurationName = Release;
		};
		D4C4617524919CDA000600DB /* Build configuration list for PBXNativeTarget "ExpenseAppUITests" */ = {
			isa = XCConfigurationList;
			buildConfigurations = (
				D4C4617624919CDA000600DB /* Debug */,
				D4C4617724919CDA000600DB /* Release */,
			);
			defaultConfigurationIsVisible = 0;
			defaultConfigurationName = Release;
		};
/* End XCConfigurationList section */

/* Begin XCVersionGroup section */
		423ED2C724A41C280087B66F /* CoreData.xcdatamodeld */ = {
			isa = XCVersionGroup;
			children = (
				423ED2C824A41C280087B66F /* CoreData.xcdatamodel */,
			);
			currentVersion = 423ED2C824A41C280087B66F /* CoreData.xcdatamodel */;
			path = CoreData.xcdatamodeld;
			sourceTree = "<group>";
			versionGroupType = wrapper.xcdatamodel;
		};
/* End XCVersionGroup section */
	};
	rootObject = D4C4613D24919CD8000600DB /* Project object */;
}
